schema: '2.0'
stages:
  prf_source2bronze:
    cmd: DATALAKE_BACKEND=local DATALAKE_LOCAL_ROOT=data 
      UV_CACHE_DIR=/tmp/uv-cache uv run python -m 
      src.etl.bronze.prf_source2bronze
    deps:
    - path: pyproject.toml
      hash: md5
      md5: 8698abdaddfa16017bc9f1043da0ad78
      size: 1115
    - path: src/etl/base_job.py
      hash: md5
      md5: 547a4fc681d5849f17c9f4cecd9482d2
      size: 10266
    - path: src/etl/bronze/prf_source2bronze.py
      hash: md5
      md5: d44fbe7bcd5654e9428983edfa82c589
      size: 7269
    - path: src/etl/datalake.py
      hash: md5
      md5: 49c44f0e82e6886f79df1be0988410a5
      size: 9851
    - path: uv.lock
      hash: md5
      md5: 4156b65eca258678cc7bb9837c2de17e
      size: 417367
    outs:
    - path: data/bronze/prf_accidents
      hash: md5
      md5: 4fed1de82c14d69d4e8d4af3af3276d4.dir
      size: 65840828
      nfiles: 3981
  prf_bronze2silver:
    cmd: DATALAKE_BACKEND=local DATALAKE_LOCAL_ROOT=data 
      UV_CACHE_DIR=/tmp/uv-cache uv run python -m 
      src.etl.silver.prf_bronze2silver
    deps:
    - path: data/bronze/prf_accidents
      hash: md5
      md5: 4fed1de82c14d69d4e8d4af3af3276d4.dir
      size: 65840828
      nfiles: 3981
    - path: pyproject.toml
      hash: md5
      md5: 8698abdaddfa16017bc9f1043da0ad78
      size: 1115
    - path: src/etl/base_job.py
      hash: md5
      md5: 547a4fc681d5849f17c9f4cecd9482d2
      size: 10266
    - path: src/etl/datalake.py
      hash: md5
      md5: 49c44f0e82e6886f79df1be0988410a5
      size: 9851
    - path: src/etl/silver/prf_bronze2silver.py
      hash: md5
      md5: f595f12a401c602f930af29c83c88054
      size: 9159
    - path: uv.lock
      hash: md5
      md5: 4156b65eca258678cc7bb9837c2de17e
      size: 417367
    outs:
    - path: data/silver/prf_accidents_standardized
      hash: md5
      md5: 63156b63bb5f035a66ff1821dca7364c.dir
      size: 4751396
      nfiles: 25
  dnit_source2bronze:
    cmd: DATALAKE_BACKEND=local DATALAKE_LOCAL_ROOT=data 
      UV_CACHE_DIR=/tmp/uv-cache uv run python -m 
      src.etl.bronze.dnit_source2bronze
    deps:
    - path: pyproject.toml
      hash: md5
      md5: 8698abdaddfa16017bc9f1043da0ad78
      size: 1115
    - path: src/etl/base_job.py
      hash: md5
      md5: 547a4fc681d5849f17c9f4cecd9482d2
      size: 10266
    - path: src/etl/bronze/dnit_source2bronze.py
      hash: md5
      md5: 49dcb582179eb440105b5fc4efd90b13
      size: 7073
    - path: src/etl/datalake.py
      hash: md5
      md5: 49c44f0e82e6886f79df1be0988410a5
      size: 9851
    - path: uv.lock
      hash: md5
      md5: 4156b65eca258678cc7bb9837c2de17e
      size: 417367
    outs:
    - path: data/bronze/dnit_road_network
      hash: md5
      md5: 1b5a370f78589459d2e205adbbf8f908.dir
      size: 13146848
      nfiles: 4
  dnit_bronze2silver:
    cmd: DATALAKE_BACKEND=local DATALAKE_LOCAL_ROOT=data 
      UV_CACHE_DIR=/tmp/uv-cache uv run python -m 
      src.etl.silver.dnit_bronze2silver
    deps:
    - path: data/bronze/dnit_road_network
      hash: md5
      md5: 1b5a370f78589459d2e205adbbf8f908.dir
      size: 13146848
      nfiles: 4
    - path: pyproject.toml
      hash: md5
      md5: 8698abdaddfa16017bc9f1043da0ad78
      size: 1115
    - path: src/etl/base_job.py
      hash: md5
      md5: 547a4fc681d5849f17c9f4cecd9482d2
      size: 10266
    - path: src/etl/datalake.py
      hash: md5
      md5: 49c44f0e82e6886f79df1be0988410a5
      size: 9851
    - path: src/etl/silver/dnit_bronze2silver.py
      hash: md5
      md5: 8e25b60cce8d674bfb873328c704d724
      size: 11473
    - path: uv.lock
      hash: md5
      md5: 4156b65eca258678cc7bb9837c2de17e
      size: 417367
    outs:
    - path: data/silver/dnit_br101_corridor
      hash: md5
      md5: d3ce114c24d633adbe529af645f6f35c.dir
      size: 67287657
      nfiles: 14
